
Microsoft Visual Studio Solution File, Format Version 12.00
# Visual Studio Version 17
VisualStudioVersion = 17.9.34723.18
MinimumVisualStudioVersion = 10.0.40219.1
Project("{8BC9CEB8-8B4A-11D0-8D11-00A0C91BC942}") = "meteoroloji", "meteoroloji\meteoroloji.vcxproj", "{B43EA9FC-27F3-464B-BCC6-C285ECF5740D}"
EndProject
Global
	GlobalSection(SolutionConfigurationPlatforms) = preSolution
		Debug|x64 = Debug|x64
		Debug|x86 = Debug|x86
		Release|x64 = Release|x64
		Release|x86 = Release|x86
	EndGlobalSection
	GlobalSection(ProjectConfigurationPlatforms) = postSolution
		{B43EA9FC-27F3-464B-BCC6-C285ECF5740D}.Debug|x64.ActiveCfg = Debug|x64
		{B43EA9FC-27F3-464B-BCC6-C285ECF5740D}.Debug|x64.Build.0 = Debug|x64
		{B43EA9FC-27F3-464B-BCC6-C285ECF5740D}.Debug|x86.ActiveCfg = Debug|Win32
		{B43EA9FC-27F3-464B-BCC6-C285ECF5740D}.Debug|x86.Build.0 = Debug|Win32
		{B43EA9FC-27F3-464B-BCC6-C285ECF5740D}.Release|x64.ActiveCfg = Release|x64
		{B43EA9FC-27F3-464B-BCC6-C285ECF5740D}.Release|x64.Build.0 = Release|x64
		{B43EA9FC-27F3-464B-BCC6-C285ECF5740D}.Release|x86.ActiveCfg = Release|Win32
		{B43EA9FC-27F3-464B-BCC6-C285ECF5740D}.Release|x86.Build.0 = Release|Win32
	EndGlobalSection
	GlobalSection(SolutionProperties) = preSolution
		HideSolutionNode = FALSE
	EndGlobalSection
	GlobalSection(ExtensibilityGlobals) = postSolution
		SolutionGuid = {912896DE-3F3D-4D64-AC6B-EEA32B1274C0}
	EndGlobalSection
EndGlobal
